// !$*UTF8*$!
{
	archiveVersion = 1;
	classes = {
	};
	objectVersion = 50;
	objects = {

/* Begin PBXBuildFile section */
		5F6EBE6EC3946B63E16A96DF /* Pods_OCNetworkDemo.framework in Frameworks */ = {isa = PBXBuildFile; fileRef = E9613D4C53699D649191E03D /* Pods_OCNetworkDemo.framework */; };
		6528A82521D752D800BF83E5 /* main.m in Sources */ = {isa = PBXBuildFile; fileRef = 6528A82421D752D800BF83E5 /* main.m */; };
		6528A82C21D7536800BF83E5 /* FKParent.m in Sources */ = {isa = PBXBuildFile; fileRef = 6528A82B21D7536800BF83E5 /* FKParent.m */; };
		6528A82F21D75AE600BF83E5 /* FKSub.m in Sources */ = {isa = PBXBuildFile; fileRef = 6528A82E21D75AE600BF83E5 /* FKSub.m */; };
		6528A83221D75BB200BF83E5 /* FKTest.m in Sources */ = {isa = PBXBuildFile; fileRef = 6528A83121D75BB200BF83E5 /* FKTest.m */; };
		6549784821D66A1100756F27 /* AppDelegate.swift in Sources */ = {isa = PBXBuildFile; fileRef = 6549784721D66A1100756F27 /* AppDelegate.swift */; };
		6549784D21D66A1100756F27 /* Main.storyboard in Resources */ = {isa = PBXBuildFile; fileRef = 6549784B21D66A1100756F27 /* Main.storyboard */; };
		6549784F21D66A1300756F27 /* Assets.xcassets in Resources */ = {isa = PBXBuildFile; fileRef = 6549784E21D66A1300756F27 /* Assets.xcassets */; };
		6549785221D66A1300756F27 /* LaunchScreen.storyboard in Resources */ = {isa = PBXBuildFile; fileRef = 6549785021D66A1300756F27 /* LaunchScreen.storyboard */; };
		6549785921D66A9000756F27 /* EmojiArtViewController.swift in Sources */ = {isa = PBXBuildFile; fileRef = 6549785821D66A9000756F27 /* EmojiArtViewController.swift */; };
		6549785B21D66BB400756F27 /* EmojiArtView.swift in Sources */ = {isa = PBXBuildFile; fileRef = 6549785A21D66BB400756F27 /* EmojiArtView.swift */; };
		654B25A621D551D400C95C5F /* AppDelegate.m in Sources */ = {isa = PBXBuildFile; fileRef = 654B25A521D551D400C95C5F /* AppDelegate.m */; };
		654B25A921D551D400C95C5F /* ViewController.m in Sources */ = {isa = PBXBuildFile; fileRef = 654B25A821D551D400C95C5F /* ViewController.m */; };
		654B25AC21D551D400C95C5F /* Main.storyboard in Resources */ = {isa = PBXBuildFile; fileRef = 654B25AA21D551D400C95C5F /* Main.storyboard */; };
		654B25AE21D551D500C95C5F /* Assets.xcassets in Resources */ = {isa = PBXBuildFile; fileRef = 654B25AD21D551D500C95C5F /* Assets.xcassets */; };
		654B25B121D551D500C95C5F /* LaunchScreen.storyboard in Resources */ = {isa = PBXBuildFile; fileRef = 654B25AF21D551D500C95C5F /* LaunchScreen.storyboard */; };
		654B25B421D551D500C95C5F /* main.m in Sources */ = {isa = PBXBuildFile; fileRef = 654B25B321D551D500C95C5F /* main.m */; };
/* End PBXBuildFile section */

/* Begin PBXCopyFilesBuildPhase section */
		6528A82021D752D800BF83E5 /* CopyFiles */ = {
			isa = PBXCopyFilesBuildPhase;
			buildActionMask = 2147483647;
			dstPath = /usr/share/man/man1/;
			dstSubfolderSpec = 0;
			files = (
			);
			runOnlyForDeploymentPostprocessing = 1;
		};
/* End PBXCopyFilesBuildPhase section */

/* Begin PBXFileReference section */
		05E56D48058563454797E6F6 /* Pods-OCCalculatorDemo.release.xcconfig */ = {isa = PBXFileReference; includeInIndex = 1; lastKnownFileType = text.xcconfig; name = "Pods-OCCalculatorDemo.release.xcconfig"; path = "Pods/Target Support Files/Pods-OCCalculatorDemo/Pods-OCCalculatorDemo.release.xcconfig"; sourceTree = "<group>"; };
		30C4DCC326E8F194E21A7536 /* Pods-SwiftNetworkDemo.release.xcconfig */ = {isa = PBXFileReference; includeInIndex = 1; lastKnownFileType = text.xcconfig; name = "Pods-SwiftNetworkDemo.release.xcconfig"; path = "Pods/Target Support Files/Pods-SwiftNetworkDemo/Pods-SwiftNetworkDemo.release.xcconfig"; sourceTree = "<group>"; };
		318B5C41C726F6F309092A5B /* Pods_OCCalculatorDemo.framework */ = {isa = PBXFileReference; explicitFileType = wrapper.framework; includeInIndex = 0; path = Pods_OCCalculatorDemo.framework; sourceTree = BUILT_PRODUCTS_DIR; };
		651BB99921D5DD5B006AFC0E /* Fraction.h */ = {isa = PBXFileReference; lastKnownFileType = sourcecode.c.h; path = Fraction.h; sourceTree = "<group>"; };
		651BB99A21D5DD5B006AFC0E /* Fraction.m */ = {isa = PBXFileReference; lastKnownFileType = sourcecode.c.objc; path = Fraction.m; sourceTree = "<group>"; };
		651BB9A321D60CC5006AFC0E /* FractionTest.h */ = {isa = PBXFileReference; lastKnownFileType = sourcecode.c.h; path = FractionTest.h; sourceTree = "<group>"; };
		651BB9A421D60CC5006AFC0E /* FractionTest.m */ = {isa = PBXFileReference; lastKnownFileType = sourcecode.c.objc; path = FractionTest.m; sourceTree = "<group>"; };
		6528A82221D752D800BF83E5 /* Objective-C */ = {isa = PBXFileReference; explicitFileType = "compiled.mach-o.executable"; includeInIndex = 0; path = "Objective-C"; sourceTree = BUILT_PRODUCTS_DIR; };
		6528A82421D752D800BF83E5 /* main.m */ = {isa = PBXFileReference; lastKnownFileType = sourcecode.c.objc; path = main.m; sourceTree = "<group>"; };
		6528A82A21D7536800BF83E5 /* FKParent.h */ = {isa = PBXFileReference; lastKnownFileType = sourcecode.c.h; path = FKParent.h; sourceTree = "<group>"; };
		6528A82B21D7536800BF83E5 /* FKParent.m */ = {isa = PBXFileReference; lastKnownFileType = sourcecode.c.objc; path = FKParent.m; sourceTree = "<group>"; };
		6528A82D21D75AE600BF83E5 /* FKSub.h */ = {isa = PBXFileReference; lastKnownFileType = sourcecode.c.h; path = FKSub.h; sourceTree = "<group>"; };
		6528A82E21D75AE600BF83E5 /* FKSub.m */ = {isa = PBXFileReference; lastKnownFileType = sourcecode.c.objc; path = FKSub.m; sourceTree = "<group>"; };
		6528A83021D75BB200BF83E5 /* FKTest.h */ = {isa = PBXFileReference; lastKnownFileType = sourcecode.c.h; path = FKTest.h; sourceTree = "<group>"; };
		6528A83121D75BB200BF83E5 /* FKTest.m */ = {isa = PBXFileReference; lastKnownFileType = sourcecode.c.objc; path = FKTest.m; sourceTree = "<group>"; };
		6549784521D66A1100756F27 /* EmojiArt.app */ = {isa = PBXFileReference; explicitFileType = wrapper.application; includeInIndex = 0; path = EmojiArt.app; sourceTree = BUILT_PRODUCTS_DIR; };
		6549784721D66A1100756F27 /* AppDelegate.swift */ = {isa = PBXFileReference; lastKnownFileType = sourcecode.swift; path = AppDelegate.swift; sourceTree = "<group>"; };
		6549784C21D66A1100756F27 /* Base */ = {isa = PBXFileReference; lastKnownFileType = file.storyboard; name = Base; path = Base.lproj/Main.storyboard; sourceTree = "<group>"; };
		6549784E21D66A1300756F27 /* Assets.xcassets */ = {isa = PBXFileReference; lastKnownFileType = folder.assetcatalog; path = Assets.xcassets; sourceTree = "<group>"; };
		6549785121D66A1300756F27 /* Base */ = {isa = PBXFileReference; lastKnownFileType = file.storyboard; name = Base; path = Base.lproj/LaunchScreen.storyboard; sourceTree = "<group>"; };
		6549785321D66A1300756F27 /* Info.plist */ = {isa = PBXFileReference; lastKnownFileType = text.plist.xml; path = Info.plist; sourceTree = "<group>"; };
		6549785821D66A9000756F27 /* EmojiArtViewController.swift */ = {isa = PBXFileReference; lastKnownFileType = sourcecode.swift; path = EmojiArtViewController.swift; sourceTree = "<group>"; };
		6549785A21D66BB400756F27 /* EmojiArtView.swift */ = {isa = PBXFileReference; lastKnownFileType = sourcecode.swift; path = EmojiArtView.swift; sourceTree = "<group>"; };
		654B25A221D551D400C95C5F /* OCNetworkDemo.app */ = {isa = PBXFileReference; explicitFileType = wrapper.application; includeInIndex = 0; path = OCNetworkDemo.app; sourceTree = BUILT_PRODUCTS_DIR; };
		654B25A421D551D400C95C5F /* AppDelegate.h */ = {isa = PBXFileReference; lastKnownFileType = sourcecode.c.h; path = AppDelegate.h; sourceTree = "<group>"; };
		654B25A521D551D400C95C5F /* AppDelegate.m */ = {isa = PBXFileReference; lastKnownFileType = sourcecode.c.objc; path = AppDelegate.m; sourceTree = "<group>"; };
		654B25A721D551D400C95C5F /* ViewController.h */ = {isa = PBXFileReference; lastKnownFileType = sourcecode.c.h; path = ViewController.h; sourceTree = "<group>"; };
		654B25A821D551D400C95C5F /* ViewController.m */ = {isa = PBXFileReference; lastKnownFileType = sourcecode.c.objc; path = ViewController.m; sourceTree = "<group>"; };
		654B25AB21D551D400C95C5F /* Base */ = {isa = PBXFileReference; lastKnownFileType = file.storyboard; name = Base; path = Base.lproj/Main.storyboard; sourceTree = "<group>"; };
		654B25AD21D551D500C95C5F /* Assets.xcassets */ = {isa = PBXFileReference; lastKnownFileType = folder.assetcatalog; path = Assets.xcassets; sourceTree = "<group>"; };
		654B25B021D551D500C95C5F /* Base */ = {isa = PBXFileReference; lastKnownFileType = file.storyboard; name = Base; path = Base.lproj/LaunchScreen.storyboard; sourceTree = "<group>"; };
		654B25B221D551D500C95C5F /* Info.plist */ = {isa = PBXFileReference; lastKnownFileType = text.plist.xml; path = Info.plist; sourceTree = "<group>"; };
		654B25B321D551D500C95C5F /* main.m */ = {isa = PBXFileReference; lastKnownFileType = sourcecode.c.objc; path = main.m; sourceTree = "<group>"; };
		84213E655941E1C15798AE15 /* Pods-OCCalculatorDemo.debug.xcconfig */ = {isa = PBXFileReference; includeInIndex = 1; lastKnownFileType = text.xcconfig; name = "Pods-OCCalculatorDemo.debug.xcconfig"; path = "Pods/Target Support Files/Pods-OCCalculatorDemo/Pods-OCCalculatorDemo.debug.xcconfig"; sourceTree = "<group>"; };
		A1C5DF2D9756C113D71A65DB /* Pods_SwiftNetworkDemo.framework */ = {isa = PBXFileReference; explicitFileType = wrapper.framework; includeInIndex = 0; path = Pods_SwiftNetworkDemo.framework; sourceTree = BUILT_PRODUCTS_DIR; };
		C4D216188680F9CC3B534535 /* Pods-SwiftNetworkDemo.debug.xcconfig */ = {isa = PBXFileReference; includeInIndex = 1; lastKnownFileType = text.xcconfig; name = "Pods-SwiftNetworkDemo.debug.xcconfig"; path = "Pods/Target Support Files/Pods-SwiftNetworkDemo/Pods-SwiftNetworkDemo.debug.xcconfig"; sourceTree = "<group>"; };
		CF88A10492AC6493B9771038 /* Pods-OCNetworkDemo.release.xcconfig */ = {isa = PBXFileReference; includeInIndex = 1; lastKnownFileType = text.xcconfig; name = "Pods-OCNetworkDemo.release.xcconfig"; path = "Pods/Target Support Files/Pods-OCNetworkDemo/Pods-OCNetworkDemo.release.xcconfig"; sourceTree = "<group>"; };
		D8B9844F04923DD487A138E6 /* Pods-OCNetworkDemo.debug.xcconfig */ = {isa = PBXFileReference; includeInIndex = 1; lastKnownFileType = text.xcconfig; name = "Pods-OCNetworkDemo.debug.xcconfig"; path = "Pods/Target Support Files/Pods-OCNetworkDemo/Pods-OCNetworkDemo.debug.xcconfig"; sourceTree = "<group>"; };
		E9613D4C53699D649191E03D /* Pods_OCNetworkDemo.framework */ = {isa = PBXFileReference; explicitFileType = wrapper.framework; includeInIndex = 0; path = Pods_OCNetworkDemo.framework; sourceTree = BUILT_PRODUCTS_DIR; };
/* End PBXFileReference section */

/* Begin PBXFrameworksBuildPhase section */
		6528A81F21D752D800BF83E5 /* Frameworks */ = {
			isa = PBXFrameworksBuildPhase;
			buildActionMask = 2147483647;
			files = (
			);
			runOnlyForDeploymentPostprocessing = 0;
		};
		6549784221D66A1100756F27 /* Frameworks */ = {
			isa = PBXFrameworksBuildPhase;
			buildActionMask = 2147483647;
			files = (
			);
			runOnlyForDeploymentPostprocessing = 0;
		};
		654B259F21D551D400C95C5F /* Frameworks */ = {
			isa = PBXFrameworksBuildPhase;
			buildActionMask = 2147483647;
			files = (
				5F6EBE6EC3946B63E16A96DF /* Pods_OCNetworkDemo.framework in Frameworks */,
			);
			runOnlyForDeploymentPostprocessing = 0;
		};
/* End PBXFrameworksBuildPhase section */

/* Begin PBXGroup section */
		1CCA778D633F0A9EB6A7CAF8 /* Pods */ = {
			isa = PBXGroup;
			children = (
				D8B9844F04923DD487A138E6 /* Pods-OCNetworkDemo.debug.xcconfig */,
				CF88A10492AC6493B9771038 /* Pods-OCNetworkDemo.release.xcconfig */,
				C4D216188680F9CC3B534535 /* Pods-SwiftNetworkDemo.debug.xcconfig */,
				30C4DCC326E8F194E21A7536 /* Pods-SwiftNetworkDemo.release.xcconfig */,
				84213E655941E1C15798AE15 /* Pods-OCCalculatorDemo.debug.xcconfig */,
				05E56D48058563454797E6F6 /* Pods-OCCalculatorDemo.release.xcconfig */,
			);
			name = Pods;
			sourceTree = "<group>";
		};
		651BB99F21D6098C006AFC0E /* Fraction */ = {
			isa = PBXGroup;
			children = (
				651BB99921D5DD5B006AFC0E /* Fraction.h */,
				651BB99A21D5DD5B006AFC0E /* Fraction.m */,
				651BB9A321D60CC5006AFC0E /* FractionTest.h */,
				651BB9A421D60CC5006AFC0E /* FractionTest.m */,
			);
			path = Fraction;
			sourceTree = "<group>";
		};
		6528A82321D752D800BF83E5 /* Objective-C */ = {
			isa = PBXGroup;
			children = (
				6528A82921D7534F00BF83E5 /* FKPerson */,
				651BB99F21D6098C006AFC0E /* Fraction */,
				6528A82421D752D800BF83E5 /* main.m */,
			);
			path = "Objective-C";
			sourceTree = "<group>";
		};
		6528A82921D7534F00BF83E5 /* FKPerson */ = {
			isa = PBXGroup;
			children = (
				6528A82A21D7536800BF83E5 /* FKParent.h */,
				6528A82B21D7536800BF83E5 /* FKParent.m */,
				6528A82D21D75AE600BF83E5 /* FKSub.h */,
				6528A82E21D75AE600BF83E5 /* FKSub.m */,
				6528A83021D75BB200BF83E5 /* FKTest.h */,
				6528A83121D75BB200BF83E5 /* FKTest.m */,
			);
			path = FKPerson;
			sourceTree = "<group>";
		};
		6549784621D66A1100756F27 /* EmojiArt */ = {
			isa = PBXGroup;
			children = (
				6549785721D66A2000756F27 /* Supporting Files */,
				6549785821D66A9000756F27 /* EmojiArtViewController.swift */,
				6549785A21D66BB400756F27 /* EmojiArtView.swift */,
			);
			path = EmojiArt;
			sourceTree = "<group>";
		};
		6549785721D66A2000756F27 /* Supporting Files */ = {
			isa = PBXGroup;
			children = (
				6549784721D66A1100756F27 /* AppDelegate.swift */,
				6549784B21D66A1100756F27 /* Main.storyboard */,
				6549784E21D66A1300756F27 /* Assets.xcassets */,
				6549785021D66A1300756F27 /* LaunchScreen.storyboard */,
				6549785321D66A1300756F27 /* Info.plist */,
			);
			path = "Supporting Files";
			sourceTree = "<group>";
		};
		654B254621D547C500C95C5F = {
			isa = PBXGroup;
			children = (
				6549784621D66A1100756F27 /* EmojiArt */,
				6528A82321D752D800BF83E5 /* Objective-C */,
				654B25A321D551D400C95C5F /* OCNetworkDemo */,
				654B255021D547C500C95C5F /* Products */,
				1CCA778D633F0A9EB6A7CAF8 /* Pods */,
				75FEF4C077DA058FA259D2FC /* Frameworks */,
			);
			sourceTree = "<group>";
		};
		654B255021D547C500C95C5F /* Products */ = {
			isa = PBXGroup;
			children = (
				654B25A221D551D400C95C5F /* OCNetworkDemo.app */,
				6549784521D66A1100756F27 /* EmojiArt.app */,
				6528A82221D752D800BF83E5 /* Objective-C */,
			);
			name = Products;
			sourceTree = "<group>";
		};
		654B25A321D551D400C95C5F /* OCNetworkDemo */ = {
			isa = PBXGroup;
			children = (
				654B25A421D551D400C95C5F /* AppDelegate.h */,
				654B25A521D551D400C95C5F /* AppDelegate.m */,
				654B25A721D551D400C95C5F /* ViewController.h */,
				654B25A821D551D400C95C5F /* ViewController.m */,
				654B25AA21D551D400C95C5F /* Main.storyboard */,
				654B25AD21D551D500C95C5F /* Assets.xcassets */,
				654B25AF21D551D500C95C5F /* LaunchScreen.storyboard */,
				654B25B221D551D500C95C5F /* Info.plist */,
				654B25B321D551D500C95C5F /* main.m */,
			);
			path = OCNetworkDemo;
			sourceTree = "<group>";
		};
		75FEF4C077DA058FA259D2FC /* Frameworks */ = {
			isa = PBXGroup;
			children = (
				E9613D4C53699D649191E03D /* Pods_OCNetworkDemo.framework */,
				A1C5DF2D9756C113D71A65DB /* Pods_SwiftNetworkDemo.framework */,
				318B5C41C726F6F309092A5B /* Pods_OCCalculatorDemo.framework */,
			);
			name = Frameworks;
			sourceTree = "<group>";
		};
/* End PBXGroup section */

/* Begin PBXNativeTarget section */
		6528A82121D752D800BF83E5 /* Objective-C */ = {
			isa = PBXNativeTarget;
			buildConfigurationList = 6528A82821D752D800BF83E5 /* Build configuration list for PBXNativeTarget "Objective-C" */;
			buildPhases = (
				6528A81E21D752D800BF83E5 /* Sources */,
				6528A81F21D752D800BF83E5 /* Frameworks */,
				6528A82021D752D800BF83E5 /* CopyFiles */,
			);
			buildRules = (
			);
			dependencies = (
			);
			name = "Objective-C";
			productName = "Objective-C";
			productReference = 6528A82221D752D800BF83E5 /* Objective-C */;
			productType = "com.apple.product-type.tool";
		};
		6549784421D66A1100756F27 /* EmojiArt */ = {
			isa = PBXNativeTarget;
			buildConfigurationList = 6549785421D66A1300756F27 /* Build configuration list for PBXNativeTarget "EmojiArt" */;
			buildPhases = (
				6549784121D66A1100756F27 /* Sources */,
				6549784221D66A1100756F27 /* Frameworks */,
				6549784321D66A1100756F27 /* Resources */,
			);
			buildRules = (
			);
			dependencies = (
			);
			name = EmojiArt;
			productName = EmojiArt;
			productReference = 6549784521D66A1100756F27 /* EmojiArt.app */;
			productType = "com.apple.product-type.application";
		};
		654B25A121D551D400C95C5F /* OCNetworkDemo */ = {
			isa = PBXNativeTarget;
			buildConfigurationList = 654B25B521D551D500C95C5F /* Build configuration list for PBXNativeTarget "OCNetworkDemo" */;
			buildPhases = (
				745B0E3411F54AB168BC832B /* [CP] Check Pods Manifest.lock */,
				654B259E21D551D400C95C5F /* Sources */,
				654B259F21D551D400C95C5F /* Frameworks */,
				654B25A021D551D400C95C5F /* Resources */,
				859300192EFBA08194A1BBD8 /* [CP] Embed Pods Frameworks */,
			);
			buildRules = (
			);
			dependencies = (
			);
			name = OCNetworkDemo;
			productName = OCNetworkDemo;
			productReference = 654B25A221D551D400C95C5F /* OCNetworkDemo.app */;
			productType = "com.apple.product-type.application";
		};
/* End PBXNativeTarget section */

/* Begin PBXProject section */
		654B254721D547C500C95C5F /* Project object */ = {
			isa = PBXProject;
			attributes = {
				LastSwiftUpdateCheck = 1010;
				LastUpgradeCheck = 1010;
				ORGANIZATIONNAME = "Yi Zhang";
				TargetAttributes = {
					6528A82121D752D800BF83E5 = {
						CreatedOnToolsVersion = 10.1;
					};
					6549784421D66A1100756F27 = {
						CreatedOnToolsVersion = 10.1;
					};
					654B25A121D551D400C95C5F = {
						CreatedOnToolsVersion = 10.1;
					};
				};
			};
			buildConfigurationList = 654B254A21D547C500C95C5F /* Build configuration list for PBXProject "Playground" */;
			compatibilityVersion = "Xcode 9.3";
			developmentRegion = en;
			hasScannedForEncodings = 0;
			knownRegions = (
				en,
				Base,
			);
			mainGroup = 654B254621D547C500C95C5F;
			productRefGroup = 654B255021D547C500C95C5F /* Products */;
			projectDirPath = "";
			projectRoot = "";
			targets = (
				654B25A121D551D400C95C5F /* OCNetworkDemo */,
				6549784421D66A1100756F27 /* EmojiArt */,
				6528A82121D752D800BF83E5 /* Objective-C */,
			);
		};
/* End PBXProject section */

/* Begin PBXResourcesBuildPhase section */
		6549784321D66A1100756F27 /* Resources */ = {
			isa = PBXResourcesBuildPhase;
			buildActionMask = 2147483647;
			files = (
				6549785221D66A1300756F27 /* LaunchScreen.storyboard in Resources */,
				6549784F21D66A1300756F27 /* Assets.xcassets in Resources */,
				6549784D21D66A1100756F27 /* Main.storyboard in Resources */,
			);
			runOnlyForDeploymentPostprocessing = 0;
		};
		654B25A021D551D400C95C5F /* Resources */ = {
			isa = PBXResourcesBuildPhase;
			buildActionMask = 2147483647;
			files = (
				654B25B121D551D500C95C5F /* LaunchScreen.storyboard in Resources */,
				654B25AE21D551D500C95C5F /* Assets.xcassets in Resources */,
				654B25AC21D551D400C95C5F /* Main.storyboard in Resources */,
			);
			runOnlyForDeploymentPostprocessing = 0;
		};
/* End PBXResourcesBuildPhase section */

/* Begin PBXShellScriptBuildPhase section */
		745B0E3411F54AB168BC832B /* [CP] Check Pods Manifest.lock */ = {
			isa = PBXShellScriptBuildPhase;
			buildActionMask = 2147483647;
			files = (
			);
			inputFileListPaths = (
			);
			inputPaths = (
				"${PODS_PODFILE_DIR_PATH}/Podfile.lock",
				"${PODS_ROOT}/Manifest.lock",
			);
			name = "[CP] Check Pods Manifest.lock";
			outputFileListPaths = (
			);
			outputPaths = (
				"$(DERIVED_FILE_DIR)/Pods-OCNetworkDemo-checkManifestLockResult.txt",
			);
			runOnlyForDeploymentPostprocessing = 0;
			shellPath = /bin/sh;
			shellScript = "diff \"${PODS_PODFILE_DIR_PATH}/Podfile.lock\" \"${PODS_ROOT}/Manifest.lock\" > /dev/null\nif [ $? != 0 ] ; then\n    # print error to STDERR\n    echo \"error: The sandbox is not in sync with the Podfile.lock. Run 'pod install' or update your CocoaPods installation.\" >&2\n    exit 1\nfi\n# This output is used by Xcode 'outputs' to avoid re-running this script phase.\necho \"SUCCESS\" > \"${SCRIPT_OUTPUT_FILE_0}\"\n";
			showEnvVarsInLog = 0;
		};
		859300192EFBA08194A1BBD8 /* [CP] Embed Pods Frameworks */ = {
			isa = PBXShellScriptBuildPhase;
			buildActionMask = 2147483647;
			files = (
			);
			inputFileListPaths = (
			);
			inputPaths = (
				"${SRCROOT}/Pods/Target Support Files/Pods-OCNetworkDemo/Pods-OCNetworkDemo-frameworks.sh",
				"${BUILT_PRODUCTS_DIR}/AFNetworking/AFNetworking.framework",
			);
			name = "[CP] Embed Pods Frameworks";
			outputFileListPaths = (
			);
			outputPaths = (
				"${TARGET_BUILD_DIR}/${FRAMEWORKS_FOLDER_PATH}/AFNetworking.framework",
			);
			runOnlyForDeploymentPostprocessing = 0;
			shellPath = /bin/sh;
			shellScript = "\"${SRCROOT}/Pods/Target Support Files/Pods-OCNetworkDemo/Pods-OCNetworkDemo-frameworks.sh\"\n";
			showEnvVarsInLog = 0;
		};
/* End PBXShellScriptBuildPhase section */

/* Begin PBXSourcesBuildPhase section */
		6528A81E21D752D800BF83E5 /* Sources */ = {
			isa = PBXSourcesBuildPhase;
			buildActionMask = 2147483647;
			files = (
				6528A83221D75BB200BF83E5 /* FKTest.m in Sources */,
				6528A82F21D75AE600BF83E5 /* FKSub.m in Sources */,
				6528A82C21D7536800BF83E5 /* FKParent.m in Sources */,
				6528A82521D752D800BF83E5 /* main.m in Sources */,
			);
			runOnlyForDeploymentPostprocessing = 0;
		};
		6549784121D66A1100756F27 /* Sources */ = {
			isa = PBXSourcesBuildPhase;
			buildActionMask = 2147483647;
			files = (
				6549784821D66A1100756F27 /* AppDelegate.swift in Sources */,
				6549785921D66A9000756F27 /* EmojiArtViewController.swift in Sources */,
				6549785B21D66BB400756F27 /* EmojiArtView.swift in Sources */,
			);
			runOnlyForDeploymentPostprocessing = 0;
		};
		654B259E21D551D400C95C5F /* Sources */ = {
			isa = PBXSourcesBuildPhase;
			buildActionMask = 2147483647;
			files = (
				654B25A921D551D400C95C5F /* ViewController.m in Sources */,
				654B25B421D551D500C95C5F /* main.m in Sources */,
				654B25A621D551D400C95C5F /* AppDelegate.m in Sources */,
			);
			runOnlyForDeploymentPostprocessing = 0;
		};
/* End PBXSourcesBuildPhase section */

/* Begin PBXVariantGroup section */
		6549784B21D66A1100756F27 /* Main.storyboard */ = {
			isa = PBXVariantGroup;
			children = (
				6549784C21D66A1100756F27 /* Base */,
			);
			name = Main.storyboard;
			sourceTree = "<group>";
		};
		6549785021D66A1300756F27 /* LaunchScreen.storyboard */ = {
			isa = PBXVariantGroup;
			children = (
				6549785121D66A1300756F27 /* Base */,
			);
			name = LaunchScreen.storyboard;
			sourceTree = "<group>";
		};
		654B25AA21D551D400C95C5F /* Main.storyboard */ = {
			isa = PBXVariantGroup;
			children = (
				654B25AB21D551D400C95C5F /* Base */,
			);
			name = Main.storyboard;
			sourceTree = "<group>";
		};
		654B25AF21D551D500C95C5F /* LaunchScreen.storyboard */ = {
			isa = PBXVariantGroup;
			children = (
				654B25B021D551D500C95C5F /* Base */,
			);
			name = LaunchScreen.storyboard;
			sourceTree = "<group>";
		};
/* End PBXVariantGroup section */

/* Begin XCBuildConfiguration section */
		6528A82621D752D800BF83E5 /* Debug */ = {
			isa = XCBuildConfiguration;
			buildSettings = {
				CODE_SIGN_IDENTITY = "Mac Developer";
				CODE_SIGN_STYLE = Automatic;
				DEVELOPMENT_TEAM = 8Y7626TS68;
				MACOSX_DEPLOYMENT_TARGET = 10.13;
				PRODUCT_NAME = "$(TARGET_NAME)";
				SDKROOT = macosx;
			};
			name = Debug;
		};
		6528A82721D752D800BF83E5 /* Release */ = {
			isa = XCBuildConfiguration;
			buildSettings = {
				CODE_SIGN_IDENTITY = "Mac Developer";
				CODE_SIGN_STYLE = Automatic;
				DEVELOPMENT_TEAM = 8Y7626TS68;
				MACOSX_DEPLOYMENT_TARGET = 10.13;
				PRODUCT_NAME = "$(TARGET_NAME)";
				SDKROOT = macosx;
			};
			name = Release;
		};
		6549785521D66A1300756F27 /* Debug */ = {
			isa = XCBuildConfiguration;
			buildSettings = {
				ASSETCATALOG_COMPILER_APPICON_NAME = AppIcon;
				CODE_SIGN_STYLE = Automatic;
				DEVELOPMENT_TEAM = 8Y7626TS68;
				INFOPLIST_FILE = "EmojiArt/Supporting Files/Info.plist";
				LD_RUNPATH_SEARCH_PATHS = (
					"$(inherited)",
					"@executable_path/Frameworks",
				);
				PRODUCT_BUNDLE_IDENTIFIER = Yi.EmojiArt;
				PRODUCT_NAME = "$(TARGET_NAME)";
				SWIFT_VERSION = 4.2;
				TARGETED_DEVICE_FAMILY = "1,2";
			};
			name = Debug;
		};
		6549785621D66A1300756F27 /* Release */ = {
			isa = XCBuildConfiguration;
			buildSettings = {
				ASSETCATALOG_COMPILER_APPICON_NAME = AppIcon;
				CODE_SIGN_STYLE = Automatic;
				DEVELOPMENT_TEAM = 8Y7626TS68;
				INFOPLIST_FILE = "EmojiArt/Supporting Files/Info.plist";
				LD_RUNPATH_SEARCH_PATHS = (
					"$(inherited)",
					"@executable_path/Frameworks",
				);
				PRODUCT_BUNDLE_IDENTIFIER = Yi.EmojiArt;
				PRODUCT_NAME = "$(TARGET_NAME)";
				SWIFT_VERSION = 4.2;
				TARGETED_DEVICE_FAMILY = "1,2";
			};
			name = Release;
		};
		654B255F21D547C700C95C5F /* Debug */ = {
			isa = XCBuildConfiguration;
			buildSettings = {
				ALWAYS_SEARCH_USER_PATHS = NO;
				CLANG_ANALYZER_NONNULL = YES;
				CLANG_ANALYZER_NUMBER_OBJECT_CONVERSION = YES_AGGRESSIVE;
				CLANG_CXX_LANGUAGE_STANDARD = "gnu++14";
				CLANG_CXX_LIBRARY = "libc++";
				CLANG_ENABLE_MODULES = YES;
				CLANG_ENABLE_OBJC_ARC = YES;
				CLANG_ENABLE_OBJC_WEAK = YES;
				CLANG_WARN_BLOCK_CAPTURE_AUTORELEASING = YES;
				CLANG_WARN_BOOL_CONVERSION = YES;
				CLANG_WARN_COMMA = YES;
				CLANG_WARN_CONSTANT_CONVERSION = YES;
				CLANG_WARN_DEPRECATED_OBJC_IMPLEMENTATIONS = YES;
				CLANG_WARN_DIRECT_OBJC_ISA_USAGE = YES_ERROR;
				CLANG_WARN_DOCUMENTATION_COMMENTS = YES;
				CLANG_WARN_EMPTY_BODY = YES;
				CLANG_WARN_ENUM_CONVERSION = YES;
				CLANG_WARN_INFINITE_RECURSION = YES;
				CLANG_WARN_INT_CONVERSION = YES;
				CLANG_WARN_NON_LITERAL_NULL_CONVERSION = YES;
				CLANG_WARN_OBJC_IMPLICIT_RETAIN_SELF = YES;
				CLANG_WARN_OBJC_LITERAL_CONVERSION = YES;
				CLANG_WARN_OBJC_ROOT_CLASS = YES_ERROR;
				CLANG_WARN_RANGE_LOOP_ANALYSIS = YES;
				CLANG_WARN_STRICT_PROTOTYPES = YES;
				CLANG_WARN_SUSPICIOUS_MOVE = YES;
				CLANG_WARN_UNGUARDED_AVAILABILITY = YES_AGGRESSIVE;
				CLANG_WARN_UNREACHABLE_CODE = YES;
				CLANG_WARN__DUPLICATE_METHOD_MATCH = YES;
				CODE_SIGN_IDENTITY = "iPhone Developer";
				COPY_PHASE_STRIP = NO;
				DEBUG_INFORMATION_FORMAT = dwarf;
				ENABLE_STRICT_OBJC_MSGSEND = YES;
				ENABLE_TESTABILITY = YES;
				GCC_C_LANGUAGE_STANDARD = gnu11;
				GCC_DYNAMIC_NO_PIC = NO;
				GCC_NO_COMMON_BLOCKS = YES;
				GCC_OPTIMIZATION_LEVEL = 0;
				GCC_PREPROCESSOR_DEFINITIONS = (
					"DEBUG=1",
					"$(inherited)",
				);
				GCC_WARN_64_TO_32_BIT_CONVERSION = YES;
				GCC_WARN_ABOUT_RETURN_TYPE = YES_ERROR;
				GCC_WARN_UNDECLARED_SELECTOR = YES;
				GCC_WARN_UNINITIALIZED_AUTOS = YES_AGGRESSIVE;
				GCC_WARN_UNUSED_FUNCTION = YES;
				GCC_WARN_UNUSED_VARIABLE = YES;
				IPHONEOS_DEPLOYMENT_TARGET = 12.1;
				MTL_ENABLE_DEBUG_INFO = INCLUDE_SOURCE;
				MTL_FAST_MATH = YES;
				ONLY_ACTIVE_ARCH = YES;
				SDKROOT = iphoneos;
				SWIFT_ACTIVE_COMPILATION_CONDITIONS = DEBUG;
				SWIFT_OPTIMIZATION_LEVEL = "-Onone";
			};
			name = Debug;
		};
		654B256021D547C700C95C5F /* Release */ = {
			isa = XCBuildConfiguration;
			buildSettings = {
				ALWAYS_SEARCH_USER_PATHS = NO;
				CLANG_ANALYZER_NONNULL = YES;
				CLANG_ANALYZER_NUMBER_OBJECT_CONVERSION = YES_AGGRESSIVE;
				CLANG_CXX_LANGUAGE_STANDARD = "gnu++14";
				CLANG_CXX_LIBRARY = "libc++";
				CLANG_ENABLE_MODULES = YES;
				CLANG_ENABLE_OBJC_ARC = YES;
				CLANG_ENABLE_OBJC_WEAK = YES;
				CLANG_WARN_BLOCK_CAPTURE_AUTORELEASING = YES;
				CLANG_WARN_BOOL_CONVERSION = YES;
				CLANG_WARN_COMMA = YES;
				CLANG_WARN_CONSTANT_CONVERSION = YES;
				CLANG_WARN_DEPRECATED_OBJC_IMPLEMENTATIONS = YES;
				CLANG_WARN_DIRECT_OBJC_ISA_USAGE = YES_ERROR;
				CLANG_WARN_DOCUMENTATION_COMMENTS = YES;
				CLANG_WARN_EMPTY_BODY = YES;
				CLANG_WARN_ENUM_CONVERSION = YES;
				CLANG_WARN_INFINITE_RECURSION = YES;
				CLANG_WARN_INT_CONVERSION = YES;
				CLANG_WARN_NON_LITERAL_NULL_CONVERSION = YES;
				CLANG_WARN_OBJC_IMPLICIT_RETAIN_SELF = YES;
				CLANG_WARN_OBJC_LITERAL_CONVERSION = YES;
				CLANG_WARN_OBJC_ROOT_CLASS = YES_ERROR;
				CLANG_WARN_RANGE_LOOP_ANALYSIS = YES;
				CLANG_WARN_STRICT_PROTOTYPES = YES;
				CLANG_WARN_SUSPICIOUS_MOVE = YES;
				CLANG_WARN_UNGUARDED_AVAILABILITY = YES_AGGRESSIVE;
				CLANG_WARN_UNREACHABLE_CODE = YES;
				CLANG_WARN__DUPLICATE_METHOD_MATCH = YES;
				CODE_SIGN_IDENTITY = "iPhone Developer";
				COPY_PHASE_STRIP = NO;
				DEBUG_INFORMATION_FORMAT = "dwarf-with-dsym";
				ENABLE_NS_ASSERTIONS = NO;
				ENABLE_STRICT_OBJC_MSGSEND = YES;
				GCC_C_LANGUAGE_STANDARD = gnu11;
				GCC_NO_COMMON_BLOCKS = YES;
				GCC_WARN_64_TO_32_BIT_CONVERSION = YES;
				GCC_WARN_ABOUT_RETURN_TYPE = YES_ERROR;
				GCC_WARN_UNDECLARED_SELECTOR = YES;
				GCC_WARN_UNINITIALIZED_AUTOS = YES_AGGRESSIVE;
				GCC_WARN_UNUSED_FUNCTION = YES;
				GCC_WARN_UNUSED_VARIABLE = YES;
				IPHONEOS_DEPLOYMENT_TARGET = 12.1;
				MTL_ENABLE_DEBUG_INFO = NO;
				MTL_FAST_MATH = YES;
				SDKROOT = iphoneos;
				SWIFT_COMPILATION_MODE = wholemodule;
				SWIFT_OPTIMIZATION_LEVEL = "-O";
				VALIDATE_PRODUCT = YES;
			};
			name = Release;
		};
		654B25B621D551D500C95C5F /* Debug */ = {
			isa = XCBuildConfiguration;
			baseConfigurationReference = D8B9844F04923DD487A138E6 /* Pods-OCNetworkDemo.debug.xcconfig */;
			buildSettings = {
				ASSETCATALOG_COMPILER_APPICON_NAME = AppIcon;
				CODE_SIGN_STYLE = Automatic;
				DEVELOPMENT_TEAM = 8Y7626TS68;
				INFOPLIST_FILE = OCNetworkDemo/Info.plist;
				IPHONEOS_DEPLOYMENT_TARGET = 9.0;
				LD_RUNPATH_SEARCH_PATHS = (
					"$(inherited)",
					"@executable_path/Frameworks",
				);
				PRODUCT_BUNDLE_IDENTIFIER = Yi.OCNetworkDemo;
				PRODUCT_NAME = "$(TARGET_NAME)";
				TARGETED_DEVICE_FAMILY = "1,2";
			};
			name = Debug;
		};
		654B25B721D551D500C95C5F /* Release */ = {
			isa = XCBuildConfiguration;
			baseConfigurationReference = CF88A10492AC6493B9771038 /* Pods-OCNetworkDemo.release.xcconfig */;
			buildSettings = {
				ASSETCATALOG_COMPILER_APPICON_NAME = AppIcon;
				CODE_SIGN_STYLE = Automatic;
				DEVELOPMENT_TEAM = 8Y7626TS68;
				INFOPLIST_FILE = OCNetworkDemo/Info.plist;
				IPHONEOS_DEPLOYMENT_TARGET = 9.0;
				LD_RUNPATH_SEARCH_PATHS = (
					"$(inherited)",
					"@executable_path/Frameworks",
				);
				PRODUCT_BUNDLE_IDENTIFIER = Yi.OCNetworkDemo;
				PRODUCT_NAME = "$(TARGET_NAME)";
				TARGETED_DEVICE_FAMILY = "1,2";
			};
			name = Release;
		};
/* End XCBuildConfiguration section */

/* Begin XCConfigurationList section */
		6528A82821D752D800BF83E5 /* Build configuration list for PBXNativeTarget "Objective-C" */ = {
			isa = XCConfigurationList;
			buildConfigurations = (
				6528A82621D752D800BF83E5 /* Debug */,
				6528A82721D752D800BF83E5 /* Release */,
			);
			defaultConfigurationIsVisible = 0;
			defaultConfigurationName = Release;
		};
		6549785421D66A1300756F27 /* Build configuration list for PBXNativeTarget "EmojiArt" */ = {
			isa = XCConfigurationList;
			buildConfigurations = (
				6549785521D66A1300756F27 /* Debug */,
				6549785621D66A1300756F27 /* Release */,
			);
			defaultConfigurationIsVisible = 0;
			defaultConfigurationName = Release;
		};
		654B254A21D547C500C95C5F /* Build configuration list for PBXProject "Playground" */ = {
			isa = XCConfigurationList;
			buildConfigurations = (
				654B255F21D547C700C95C5F /* Debug */,
				654B256021D547C700C95C5F /* Release */,
			);
			defaultConfigurationIsVisible = 0;
			defaultConfigurationName = Release;
		};
		654B25B521D551D500C95C5F /* Build configuration list for PBXNativeTarget "OCNetworkDemo" */ = {
			isa = XCConfigurationList;
			buildConfigurations = (
				654B25B621D551D500C95C5F /* Debug */,
				654B25B721D551D500C95C5F /* Release */,
			);
			defaultConfigurationIsVisible = 0;
			defaultConfigurationName = Release;
		};
/* End XCConfigurationList section */
	};
	rootObject = 654B254721D547C500C95C5F /* Project object */;
}
